
Microsoft Visual Studio Solution File, Format Version 12.00
# Visual Studio Version 16
VisualStudioVersion = 25.0.1704.2
MinimumVisualStudioVersion = 10.0.40219.1
Project("{FAE04EC0-301F-11D3-BF4B-00C04F79EFBC}") = "reversenumber1", "reversenumber1\reversenumber1.csproj", "{5628D821-5A7D-4EC0-83CD-443E32491E59}"
EndProject
Global
	GlobalSection(SolutionConfigurationPlatforms) = preSolution
		Debug|Any CPU = Debug|Any CPU
		Release|Any CPU = Release|Any CPU
	EndGlobalSection
	GlobalSection(ProjectConfigurationPlatforms) = postSolution
		{5628D821-5A7D-4EC0-83CD-443E32491E59}.Debug|Any CPU.ActiveCfg = Debug|Any CPU
		{5628D821-5A7D-4EC0-83CD-443E32491E59}.Debug|Any CPU.Build.0 = Debug|Any CPU
		{5628D821-5A7D-4EC0-83CD-443E32491E59}.Release|Any CPU.ActiveCfg = Release|Any CPU
		{5628D821-5A7D-4EC0-83CD-443E32491E59}.Release|Any CPU.Build.0 = Release|Any CPU
	EndGlobalSection
	GlobalSection(SolutionProperties) = preSolution
		HideSolutionNode = FALSE
	EndGlobalSection
	GlobalSection(ExtensibilityGlobals) = postSolution
		SolutionGuid = {864D5100-7D61-4803-A2BF-0F702467025F}
	EndGlobalSection
EndGlobal
